
Microsoft Visual Studio Solution File, Format Version 12.00
# Visual Studio Version 18
VisualStudioVersion = 18.4.11620.152 stable
MinimumVisualStudioVersion = 10.0.40219.1
Project("{FAE04EC0-301F-11D3-BF4B-00C04F79EFBC}") = "MasterDataMigration", "MasterDataMigration.csproj", "{EAB90CC8-C097-8AFE-976B-693C36EC3E08}"
EndProject
Global
	GlobalSection(SolutionConfigurationPlatforms) = preSolution
		Debug|Any CPU = Debug|Any CPU
		Release|Any CPU = Release|Any CPU
	EndGlobalSection
	GlobalSection(ProjectConfigurationPlatforms) = postSolution
		{EAB90CC8-C097-8AFE-976B-693C36EC3E08}.Debug|Any CPU.ActiveCfg = Debug|Any CPU
		{EAB90CC8-C097-8AFE-976B-693C36EC3E08}.Debug|Any CPU.Build.0 = Debug|Any CPU
		{EAB90CC8-C097-8AFE-976B-693C36EC3E08}.Release|Any CPU.ActiveCfg = Release|Any CPU
		{EAB90CC8-C097-8AFE-976B-693C36EC3E08}.Release|Any CPU.Build.0 = Release|Any CPU
	EndGlobalSection
	GlobalSection(SolutionProperties) = preSolution
		HideSolutionNode = FALSE
	EndGlobalSection
	GlobalSection(ExtensibilityGlobals) = postSolution
		SolutionGuid = {71E3E69A-2E41-437E-B71F-E53FED37EF93}
	EndGlobalSection
EndGlobal
